
Microsoft Visual Studio Solution File, Format Version 10.00
# Visual Studio 2008
Project("{8BC9CEB8-8B4A-11D0-8D11-00A0C91BC942}") = "3dMotionHelper", "3dMotionHelper\3dMotionHelper.vcproj", "{C1658C15-A920-43AC-80A6-D216046F9E01}"
	ProjectSection(ProjectDependencies) = postProject
		{122E66DA-E3D1-49A7-BEC2-7F692006D1F4} = {122E66DA-E3D1-49A7-BEC2-7F692006D1F4}
	EndProjectSection
EndProject
Project("{8BC9CEB8-8B4A-11D0-8D11-00A0C91BC942}") = "BaseCode", "BaseCode\BaseCode.vcproj", "{122E66DA-E3D1-49A7-BEC2-7F692006D1F4}"
EndProject
Global
	GlobalSection(SolutionConfigurationPlatforms) = preSolution
		Debug|Win32 = Debug|Win32
		Release|Win32 = Release|Win32
	EndGlobalSection
	GlobalSection(ProjectConfigurationPlatforms) = postSolution
		{C1658C15-A920-43AC-80A6-D216046F9E01}.Debug|Win32.ActiveCfg = Debug|Win32
		{C1658C15-A920-43AC-80A6-D216046F9E01}.Debug|Win32.Build.0 = Debug|Win32
		{C1658C15-A920-43AC-80A6-D216046F9E01}.Release|Win32.ActiveCfg = Release|Win32
		{C1658C15-A920-43AC-80A6-D216046F9E01}.Release|Win32.Build.0 = Release|Win32
		{122E66DA-E3D1-49A7-BEC2-7F692006D1F4}.Debug|Win32.ActiveCfg = Debug|Win32
		{122E66DA-E3D1-49A7-BEC2-7F692006D1F4}.Debug|Win32.Build.0 = Debug|Win32
		{122E66DA-E3D1-49A7-BEC2-7F692006D1F4}.Release|Win32.ActiveCfg = Release|Win32
		{122E66DA-E3D1-49A7-BEC2-7F692006D1F4}.Release|Win32.Build.0 = Release|Win32
	EndGlobalSection
	GlobalSection(SolutionProperties) = preSolution
		HideSolutionNode = FALSE
	EndGlobalSection
EndGlobal
